{
  "name": "typescript_sample",
  "version": "1.0.0",
  "lockfileVersion": 1,
  "requires": true,
  "dependencies": {
    "@types/node": {
      "version": "11.13.4",
      "resolved": "https://registry.npmjs.org/@types/node/-/node-11.13.4.tgz",
      "integrity": "sha512-+rabAZZ3Yn7tF/XPGHupKIL5EcAbrLxnTr/hgQICxbeuAfWtT0UZSfULE+ndusckBItcv4o6ZeOJplQikVcLvQ=="
    },
    "ejs": {
      "version": "2.6.1",
      "resolved": "https://registry.npmjs.org/ejs/-/ejs-2.6.1.tgz",
      "integrity": "sha512-0xy4A/twfrRCnkhfk8ErDi5DqdAsAqeGxht4xkCUrsvhhbQNs7E+4jV0CN7+NKIY0aHE72+XvqtBIXzD31ZbXQ=="
    },
    "typescript": {
      "version": "3.4.3",
      "resolved": "https://registry.npmjs.org/typescript/-/typescript-3.4.3.tgz",
      "integrity": "sha512-FFgHdPt4T/duxx6Ndf7hwgMZZjZpB+U0nMNGVCYPq0rEzWKjEDobm4J6yb3CS7naZ0yURFqdw9Gwc7UOh/P9oQ==",
      "dev": true
    }
  }
}
